
Microsoft Visual Studio Solution File, Format Version 12.00
# Visual Studio Version 17
VisualStudioVersion = 17.0.32014.148
MinimumVisualStudioVersion = 10.0.40219.1
Project("{8BC9CEB8-8B4A-11D0-8D11-00A0C91BC942}") = "DS1", "DS1\DS1.vcxproj", "{A3BA6E65-9F21-4B72-9A7A-3F4946A7E365}"
EndProject
Project("{8BC9CEB8-8B4A-11D0-8D11-00A0C91BC942}") = "DS2", "DS2\DS2.vcxproj", "{887940BB-18E6-4AED-A581-0C7343A10D33}"
EndProject
Project("{8BC9CEB8-8B4A-11D0-8D11-00A0C91BC942}") = "DS3", "DS3\DS3.vcxproj", "{5331E842-FF8F-4471-86B8-B319029DBA19}"
EndProject
Project("{8BC9CEB8-8B4A-11D0-8D11-00A0C91BC942}") = "DS4", "DS4\DS4.vcxproj", "{8CC1497E-8E78-4664-8767-20CF00193EE5}"
EndProject
Project("{8BC9CEB8-8B4A-11D0-8D11-00A0C91BC942}") = "DS5", "DS5\DS5.vcxproj", "{9D808452-2506-4993-AAFC-64586594AB4F}"
EndProject
Project("{8BC9CEB8-8B4A-11D0-8D11-00A0C91BC942}") = "DS6", "DS6\DS6.vcxproj", "{8F8E9420-3A80-4C36-A17E-9897664279D5}"
EndProject
Project("{8BC9CEB8-8B4A-11D0-8D11-00A0C91BC942}") = "DS7", "DS7\DS7.vcxproj", "{821DBF1D-50BB-4DB2-AF63-A17C8CADB3DE}"
EndProject
Project("{8BC9CEB8-8B4A-11D0-8D11-00A0C91BC942}") = "DS8", "DS8\DS8.vcxproj", "{16B3C768-D6CB-44D9-A368-A07CFC8FBBFF}"
EndProject
Project("{8BC9CEB8-8B4A-11D0-8D11-00A0C91BC942}") = "DS9", "DS9\DS9.vcxproj", "{0B3C68F2-8E1F-419C-A0A3-54F4150FADEF}"
EndProject
Project("{8BC9CEB8-8B4A-11D0-8D11-00A0C91BC942}") = "DS10", "DS10\DS10.vcxproj", "{34020ED3-6338-4E1C-83D8-4E50F2E20156}"
EndProject
Project("{8BC9CEB8-8B4A-11D0-8D11-00A0C91BC942}") = "DS13", "DS13\DS13.vcxproj", "{137D6A05-A86F-42EE-9273-72DA84E623B9}"
EndProject
Project("{8BC9CEB8-8B4A-11D0-8D11-00A0C91BC942}") = "DS14", "DS14\DS14.vcxproj", "{A965FCF0-45D8-48F7-8835-B8684B7B32CA}"
EndProject
Project("{8BC9CEB8-8B4A-11D0-8D11-00A0C91BC942}") = "DS15", "DS15\DS15.vcxproj", "{86E3DC8B-1AE8-4E64-8AF2-85BE3924584B}"
EndProject
Global
	GlobalSection(SolutionConfigurationPlatforms) = preSolution
		Debug|x64 = Debug|x64
		Debug|x86 = Debug|x86
		Release|x64 = Release|x64
		Release|x86 = Release|x86
	EndGlobalSection
	GlobalSection(ProjectConfigurationPlatforms) = postSolution
		{A3BA6E65-9F21-4B72-9A7A-3F4946A7E365}.Debug|x64.ActiveCfg = Debug|x64
		{A3BA6E65-9F21-4B72-9A7A-3F4946A7E365}.Debug|x64.Build.0 = Debug|x64
		{A3BA6E65-9F21-4B72-9A7A-3F4946A7E365}.Debug|x86.ActiveCfg = Debug|Win32
		{A3BA6E65-9F21-4B72-9A7A-3F4946A7E365}.Debug|x86.Build.0 = Debug|Win32
		{A3BA6E65-9F21-4B72-9A7A-3F4946A7E365}.Release|x64.ActiveCfg = Release|x64
		{A3BA6E65-9F21-4B72-9A7A-3F4946A7E365}.Release|x64.Build.0 = Release|x64
		{A3BA6E65-9F21-4B72-9A7A-3F4946A7E365}.Release|x86.ActiveCfg = Release|Win32
		{A3BA6E65-9F21-4B72-9A7A-3F4946A7E365}.Release|x86.Build.0 = Release|Win32
		{887940BB-18E6-4AED-A581-0C7343A10D33}.Debug|x64.ActiveCfg = Debug|x64
		{887940BB-18E6-4AED-A581-0C7343A10D33}.Debug|x64.Build.0 = Debug|x64
		{887940BB-18E6-4AED-A581-0C7343A10D33}.Debug|x86.ActiveCfg = Debug|Win32
		{887940BB-18E6-4AED-A581-0C7343A10D33}.Debug|x86.Build.0 = Debug|Win32
		{887940BB-18E6-4AED-A581-0C7343A10D33}.Release|x64.ActiveCfg = Release|x64
		{887940BB-18E6-4AED-A581-0C7343A10D33}.Release|x64.Build.0 = Release|x64
		{887940BB-18E6-4AED-A581-0C7343A10D33}.Release|x86.ActiveCfg = Release|Win32
		{887940BB-18E6-4AED-A581-0C7343A10D33}.Release|x86.Build.0 = Release|Win32
		{5331E842-FF8F-4471-86B8-B319029DBA19}.Debug|x64.ActiveCfg = Debug|x64
		{5331E842-FF8F-4471-86B8-B319029DBA19}.Debug|x64.Build.0 = Debug|x64
		{5331E842-FF8F-4471-86B8-B319029DBA19}.Debug|x86.ActiveCfg = Debug|Win32
		{5331E842-FF8F-4471-86B8-B319029DBA19}.Debug|x86.Build.0 = Debug|Win32
		{5331E842-FF8F-4471-86B8-B319029DBA19}.Release|x64.ActiveCfg = Release|x64
		{5331E842-FF8F-4471-86B8-B319029DBA19}.Release|x64.Build.0 = Release|x64
		{5331E842-FF8F-4471-86B8-B319029DBA19}.Release|x86.ActiveCfg = Release|Win32
		{5331E842-FF8F-4471-86B8-B319029DBA19}.Release|x86.Build.0 = Release|Win32
		{8CC1497E-8E78-4664-8767-20CF00193EE5}.Debug|x64.ActiveCfg = Debug|x64
		{8CC1497E-8E78-4664-8767-20CF00193EE5}.Debug|x64.Build.0 = Debug|x64
		{8CC1497E-8E78-4664-8767-20CF00193EE5}.Debug|x86.ActiveCfg = Debug|Win32
		{8CC1497E-8E78-4664-8767-20CF00193EE5}.Debug|x86.Build.0 = Debug|Win32
		{8CC1497E-8E78-4664-8767-20CF00193EE5}.Release|x64.ActiveCfg = Release|x64
		{8CC1497E-8E78-4664-8767-20CF00193EE5}.Release|x64.Build.0 = Release|x64
		{8CC1497E-8E78-4664-8767-20CF00193EE5}.Release|x86.ActiveCfg = Release|Win32
		{8CC1497E-8E78-4664-8767-20CF00193EE5}.Release|x86.Build.0 = Release|Win32
		{9D808452-2506-4993-AAFC-64586594AB4F}.Debug|x64.ActiveCfg = Debug|x64
		{9D808452-2506-4993-AAFC-64586594AB4F}.Debug|x64.Build.0 = Debug|x64
		{9D808452-2506-4993-AAFC-64586594AB4F}.Debug|x86.ActiveCfg = Debug|Win32
		{9D808452-2506-4993-AAFC-64586594AB4F}.Debug|x86.Build.0 = Debug|Win32
		{9D808452-2506-4993-AAFC-64586594AB4F}.Release|x64.ActiveCfg = Release|x64
		{9D808452-2506-4993-AAFC-64586594AB4F}.Release|x64.Build.0 = Release|x64
		{9D808452-2506-4993-AAFC-64586594AB4F}.Release|x86.ActiveCfg = Release|Win32
		{9D808452-2506-4993-AAFC-64586594AB4F}.Release|x86.Build.0 = Release|Win32
		{8F8E9420-3A80-4C36-A17E-9897664279D5}.Debug|x64.ActiveCfg = Debug|x64
		{8F8E9420-3A80-4C36-A17E-9897664279D5}.Debug|x64.Build.0 = Debug|x64
		{8F8E9420-3A80-4C36-A17E-9897664279D5}.Debug|x86.ActiveCfg = Debug|Win32
		{8F8E9420-3A80-4C36-A17E-9897664279D5}.Debug|x86.Build.0 = Debug|Win32
		{8F8E9420-3A80-4C36-A17E-9897664279D5}.Release|x64.ActiveCfg = Release|x64
		{8F8E9420-3A80-4C36-A17E-9897664279D5}.Release|x64.Build.0 = Release|x64
		{8F8E9420-3A80-4C36-A17E-9897664279D5}.Release|x86.ActiveCfg = Release|Win32
		{8F8E9420-3A80-4C36-A17E-9897664279D5}.Release|x86.Build.0 = Release|Win32
		{821DBF1D-50BB-4DB2-AF63-A17C8CADB3DE}.Debug|x64.ActiveCfg = Debug|x64
		{821DBF1D-50BB-4DB2-AF63-A17C8CADB3DE}.Debug|x64.Build.0 = Debug|x64
		{821DBF1D-50BB-4DB2-AF63-A17C8CADB3DE}.Debug|x86.ActiveCfg = Debug|Win32
		{821DBF1D-50BB-4DB2-AF63-A17C8CADB3DE}.Debug|x86.Build.0 = Debug|Win32
		{821DBF1D-50BB-4DB2-AF63-A17C8CADB3DE}.Release|x64.ActiveCfg = Release|x64
		{821DBF1D-50BB-4DB2-AF63-A17C8CADB3DE}.Release|x64.Build.0 = Release|x64
		{821DBF1D-50BB-4DB2-AF63-A17C8CADB3DE}.Release|x86.ActiveCfg = Release|Win32
		{821DBF1D-50BB-4DB2-AF63-A17C8CADB3DE}.Release|x86.Build.0 = Release|Win32
		{16B3C768-D6CB-44D9-A368-A07CFC8FBBFF}.Debug|x64.ActiveCfg = Debug|x64
		{16B3C768-D6CB-44D9-A368-A07CFC8FBBFF}.Debug|x64.Build.0 = Debug|x64
		{16B3C768-D6CB-44D9-A368-A07CFC8FBBFF}.Debug|x86.ActiveCfg = Debug|Win32
		{16B3C768-D6CB-44D9-A368-A07CFC8FBBFF}.Debug|x86.Build.0 = Debug|Win32
		{16B3C768-D6CB-44D9-A368-A07CFC8FBBFF}.Release|x64.ActiveCfg = Release|x64
		{16B3C768-D6CB-44D9-A368-A07CFC8FBBFF}.Release|x64.Build.0 = Release|x64
		{16B3C768-D6CB-44D9-A368-A07CFC8FBBFF}.Release|x86.ActiveCfg = Release|Win32
		{16B3C768-D6CB-44D9-A368-A07CFC8FBBFF}.Release|x86.Build.0 = Release|Win32
		{0B3C68F2-8E1F-419C-A0A3-54F4150FADEF}.Debug|x64.ActiveCfg = Debug|x64
		{0B3C68F2-8E1F-419C-A0A3-54F4150FADEF}.Debug|x64.Build.0 = Debug|x64
		{0B3C68F2-8E1F-419C-A0A3-54F4150FADEF}.Debug|x86.ActiveCfg = Debug|Win32
		{0B3C68F2-8E1F-419C-A0A3-54F4150FADEF}.Debug|x86.Build.0 = Debug|Win32
		{0B3C68F2-8E1F-419C-A0A3-54F4150FADEF}.Release|x64.ActiveCfg = Release|x64
		{0B3C68F2-8E1F-419C-A0A3-54F4150FADEF}.Release|x64.Build.0 = Release|x64
		{0B3C68F2-8E1F-419C-A0A3-54F4150FADEF}.Release|x86.ActiveCfg = Release|Win32
		{0B3C68F2-8E1F-419C-A0A3-54F4150FADEF}.Release|x86.Build.0 = Release|Win32
		{34020ED3-6338-4E1C-83D8-4E50F2E20156}.Debug|x64.ActiveCfg = Debug|x64
		{34020ED3-6338-4E1C-83D8-4E50F2E20156}.Debug|x64.Build.0 = Debug|x64
		{34020ED3-6338-4E1C-83D8-4E50F2E20156}.Debug|x86.ActiveCfg = Debug|Win32
		{34020ED3-6338-4E1C-83D8-4E50F2E20156}.Debug|x86.Build.0 = Debug|Win32
		{34020ED3-6338-4E1C-83D8-4E50F2E20156}.Release|x64.ActiveCfg = Release|x64
		{34020ED3-6338-4E1C-83D8-4E50F2E20156}.Release|x64.Build.0 = Release|x64
		{34020ED3-6338-4E1C-83D8-4E50F2E20156}.Release|x86.ActiveCfg = Release|Win32
		{34020ED3-6338-4E1C-83D8-4E50F2E20156}.Release|x86.Build.0 = Release|Win32
		{137D6A05-A86F-42EE-9273-72DA84E623B9}.Debug|x64.ActiveCfg = Debug|x64
		{137D6A05-A86F-42EE-9273-72DA84E623B9}.Debug|x64.Build.0 = Debug|x64
		{137D6A05-A86F-42EE-9273-72DA84E623B9}.Debug|x86.ActiveCfg = Debug|Win32
		{137D6A05-A86F-42EE-9273-72DA84E623B9}.Debug|x86.Build.0 = Debug|Win32
		{137D6A05-A86F-42EE-9273-72DA84E623B9}.Release|x64.ActiveCfg = Release|x64
		{137D6A05-A86F-42EE-9273-72DA84E623B9}.Release|x64.Build.0 = Release|x64
		{137D6A05-A86F-42EE-9273-72DA84E623B9}.Release|x86.ActiveCfg = Release|Win32
		{137D6A05-A86F-42EE-9273-72DA84E623B9}.Release|x86.Build.0 = Release|Win32
		{A965FCF0-45D8-48F7-8835-B8684B7B32CA}.Debug|x64.ActiveCfg = Debug|x64
		{A965FCF0-45D8-48F7-8835-B8684B7B32CA}.Debug|x64.Build.0 = Debug|x64
		{A965FCF0-45D8-48F7-8835-B8684B7B32CA}.Debug|x86.ActiveCfg = Debug|Win32
		{A965FCF0-45D8-48F7-8835-B8684B7B32CA}.Debug|x86.Build.0 = Debug|Win32
		{A965FCF0-45D8-48F7-8835-B8684B7B32CA}.Release|x64.ActiveCfg = Release|x64
		{A965FCF0-45D8-48F7-8835-B8684B7B32CA}.Release|x64.Build.0 = Release|x64
		{A965FCF0-45D8-48F7-8835-B8684B7B32CA}.Release|x86.ActiveCfg = Release|Win32
		{A965FCF0-45D8-48F7-8835-B8684B7B32CA}.Release|x86.Build.0 = Release|Win32
		{86E3DC8B-1AE8-4E64-8AF2-85BE3924584B}.Debug|x64.ActiveCfg = Debug|x64
		{86E3DC8B-1AE8-4E64-8AF2-85BE3924584B}.Debug|x64.Build.0 = Debug|x64
		{86E3DC8B-1AE8-4E64-8AF2-85BE3924584B}.Debug|x86.ActiveCfg = Debug|Win32
		{86E3DC8B-1AE8-4E64-8AF2-85BE3924584B}.Debug|x86.Build.0 = Debug|Win32
		{86E3DC8B-1AE8-4E64-8AF2-85BE3924584B}.Release|x64.ActiveCfg = Release|x64
		{86E3DC8B-1AE8-4E64-8AF2-85BE3924584B}.Release|x64.Build.0 = Release|x64
		{86E3DC8B-1AE8-4E64-8AF2-85BE3924584B}.Release|x86.ActiveCfg = Release|Win32
		{86E3DC8B-1AE8-4E64-8AF2-85BE3924584B}.Release|x86.Build.0 = Release|Win32
	EndGlobalSection
	GlobalSection(SolutionProperties) = preSolution
		HideSolutionNode = FALSE
	EndGlobalSection
	GlobalSection(ExtensibilityGlobals) = postSolution
		SolutionGuid = {7566791B-54C9-4553-B9B1-89471DB903CE}
	EndGlobalSection
EndGlobal
